Microsoft Visual Studio Solution File, Format Version 11.00
# Visual Studio 2008

Project("{D7FD89F8-5783-9E62-FC9A-EFE3E485CED5}") = "Klonamari", "Assembly-CSharp-firstpass.csproj", "{8FBBF8E3-64A9-BAB7-9F81-791715E2EFE7}"
EndProject
Project("{D7FD89F8-5783-9E62-FC9A-EFE3E485CED5}") = "Klonamari", "Assembly-CSharp.csproj", "{CE5AE70B-3D6B-5924-6989-DF4F9E918615}"
EndProject
Project("{D7FD89F8-5783-9E62-FC9A-EFE3E485CED5}") = "Klonamari", "Assembly-CSharp-Editor.csproj", "{9622343F-355B-F56E-FCE9-34C9F43C3E13}"
EndProject
Global
	GlobalSection(SolutionConfigurationPlatforms) = preSolution
		Debug|Any CPU = Debug|Any CPU
		Release|Any CPU = Release|Any CPU
	EndGlobalSection
	GlobalSection(ProjectConfigurationPlatforms) = postSolution
		{8FBBF8E3-64A9-BAB7-9F81-791715E2EFE7}.Debug|Any CPU.ActiveCfg = Debug|Any CPU
		{8FBBF8E3-64A9-BAB7-9F81-791715E2EFE7}.Debug|Any CPU.Build.0 = Debug|Any CPU
		{8FBBF8E3-64A9-BAB7-9F81-791715E2EFE7}.Release|Any CPU.ActiveCfg = Release|Any CPU
		{8FBBF8E3-64A9-BAB7-9F81-791715E2EFE7}.Release|Any CPU.Build.0 = Release|Any CPU
		{CE5AE70B-3D6B-5924-6989-DF4F9E918615}.Debug|Any CPU.ActiveCfg = Debug|Any CPU
		{CE5AE70B-3D6B-5924-6989-DF4F9E918615}.Debug|Any CPU.Build.0 = Debug|Any CPU
		{CE5AE70B-3D6B-5924-6989-DF4F9E918615}.Release|Any CPU.ActiveCfg = Release|Any CPU
		{CE5AE70B-3D6B-5924-6989-DF4F9E918615}.Release|Any CPU.Build.0 = Release|Any CPU
		{9622343F-355B-F56E-FCE9-34C9F43C3E13}.Debug|Any CPU.ActiveCfg = Debug|Any CPU
		{9622343F-355B-F56E-FCE9-34C9F43C3E13}.Debug|Any CPU.Build.0 = Debug|Any CPU
		{9622343F-355B-F56E-FCE9-34C9F43C3E13}.Release|Any CPU.ActiveCfg = Release|Any CPU
		{9622343F-355B-F56E-FCE9-34C9F43C3E13}.Release|Any CPU.Build.0 = Release|Any CPU
	EndGlobalSection
	GlobalSection(SolutionProperties) = preSolution
		HideSolutionNode = FALSE
	EndGlobalSection
	GlobalSection(MonoDevelopProperties) = preSolution
		StartupItem = Assembly-CSharp.csproj
	EndGlobalSection
EndGlobal
